
Microsoft Visual Studio Solution File, Format Version 12.00
# Visual Studio Version 17
VisualStudioVersion = 17.5.33516.290
MinimumVisualStudioVersion = 10.0.40219.1
Project("{FAE04EC0-301F-11D3-BF4B-00C04F79EFBC}") = "bank_account_sign_up", "bank_account_sign_up\bank_account_sign_up.csproj", "{E0B23D88-5BE9-4CE5-95CB-066E404DF170}"
EndProject
Global
	GlobalSection(SolutionConfigurationPlatforms) = preSolution
		Debug|Any CPU = Debug|Any CPU
		Release|Any CPU = Release|Any CPU
	EndGlobalSection
	GlobalSection(ProjectConfigurationPlatforms) = postSolution
		{E0B23D88-5BE9-4CE5-95CB-066E404DF170}.Debug|Any CPU.ActiveCfg = Debug|Any CPU
		{E0B23D88-5BE9-4CE5-95CB-066E404DF170}.Debug|Any CPU.Build.0 = Debug|Any CPU
		{E0B23D88-5BE9-4CE5-95CB-066E404DF170}.Release|Any CPU.ActiveCfg = Release|Any CPU
		{E0B23D88-5BE9-4CE5-95CB-066E404DF170}.Release|Any CPU.Build.0 = Release|Any CPU
	EndGlobalSection
	GlobalSection(SolutionProperties) = preSolution
		HideSolutionNode = FALSE
	EndGlobalSection
	GlobalSection(ExtensibilityGlobals) = postSolution
		SolutionGuid = {1EB6009A-4FFE-441D-8AEA-824E1EBB4D66}
	EndGlobalSection
EndGlobal
